
Microsoft Visual Studio Solution File, Format Version 12.00
# Visual Studio 15
VisualStudioVersion = 15.0.26730.16
MinimumVisualStudioVersion = 10.0.40219.1
Project("{FAE04EC0-301F-11D3-BF4B-00C04F79EFBC}") = "JqueryDataTablesWithPopupInputForm", "JqueryDataTablesWithPopupInputForm\JqueryDataTablesWithPopupInputForm.csproj", "{749FB1BA-3A88-4623-863A-6B2755109557}"
EndProject
Global
	GlobalSection(SolutionConfigurationPlatforms) = preSolution
		Debug|Any CPU = Debug|Any CPU
		Release|Any CPU = Release|Any CPU
	EndGlobalSection
	GlobalSection(ProjectConfigurationPlatforms) = postSolution
		{749FB1BA-3A88-4623-863A-6B2755109557}.Debug|Any CPU.ActiveCfg = Debug|Any CPU
		{749FB1BA-3A88-4623-863A-6B2755109557}.Debug|Any CPU.Build.0 = Debug|Any CPU
		{749FB1BA-3A88-4623-863A-6B2755109557}.Release|Any CPU.ActiveCfg = Release|Any CPU
		{749FB1BA-3A88-4623-863A-6B2755109557}.Release|Any CPU.Build.0 = Release|Any CPU
	EndGlobalSection
	GlobalSection(SolutionProperties) = preSolution
		HideSolutionNode = FALSE
	EndGlobalSection
	GlobalSection(ExtensibilityGlobals) = postSolution
		SolutionGuid = {587DEECF-180A-43E8-9A6C-671A15403ABE}
	EndGlobalSection
EndGlobal
